Microsoft Visual Studio Solution File, Format Version 12.00
# Visual Studio Version 17
VisualStudioVersion = 17.0.31903.59
MinimumVisualStudioVersion = 10.0.40219.1
Project("{FAE04EC0-301F-11D3-BF4B-00C04F79EFBC}") = "WinState.Domain", "src\WinState.Domain\WinState.Domain.csproj", "{AD280F97-4D51-4FC3-AF99-DC2AC5013346}"
EndProject
Project("{FAE04EC0-301F-11D3-BF4B-00C04F79EFBC}") = "WinState.Apply", "src\WinState.Apply\WinState.Apply.csproj", "{9B5191A4-5FC2-4F93-A4F5-57B2F1C3486E}"
EndProject
Project("{FAE04EC0-301F-11D3-BF4B-00C04F79EFBC}") = "WinState.Update", "src\WinState.Update\WinState.Update.csproj", "{D753F793-998C-4B1F-86DE-25F1083A52E4}"
EndProject
Project("{FAE04EC0-301F-11D3-BF4B-00C04F79EFBC}") = "WinState.Core", "src\WinState.Core\WinState.Core.csproj", "{3411C6D2-9D18-4F0D-B219-8894DBE4942F}"
EndProject
Project("{FAE04EC0-301F-11D3-BF4B-00C04F79EFBC}") = "WinState.Infrastructure", "src\WinState.Infrastructure\WinState.Infrastructure.csproj", "{B1267460-8DBA-4F48-A865-3E9FD795B2E2}"
EndProject
Project("{FAE04EC0-301F-11D3-BF4B-00C04F79EFBC}") = "WinState.Storage", "src\WinState.Storage\WinState.Storage.csproj", "{C8214243-D229-43F7-9C1C-3BA1E6481854}"
EndProject
Project("{FAE04EC0-301F-11D3-BF4B-00C04F79EFBC}") = "WinState.Providers.Environment", "src\WinState.Providers.Environment\WinState.Providers.Environment.csproj", "{A4E41378-1CFD-4475-A969-8B660E395FA1}"
EndProject
Project("{FAE04EC0-301F-11D3-BF4B-00C04F79EFBC}") = "WinState.Providers.Packages", "src\WinState.Providers.Packages\WinState.Providers.Packages.csproj", "{B2C6E4D7-0F91-4B71-A131-AD6D2E6F7701}"
EndProject
Project("{FAE04EC0-301F-11D3-BF4B-00C04F79EFBC}") = "WinState.Providers.Features", "src\WinState.Providers.Features\WinState.Providers.Features.csproj", "{C8A8F150-96EA-4A17-8F70-245AEFB27561}"
EndProject
Project("{FAE04EC0-301F-11D3-BF4B-00C04F79EFBC}") = "WinState.App", "src\WinState.App\WinState.App.csproj", "{D4AA2700-9404-4B1A-A0DF-DAA28B5604E4}"
EndProject
Project("{FAE04EC0-301F-11D3-BF4B-00C04F79EFBC}") = "WinState.Terminal", "src\WinState.Terminal\WinState.Terminal.csproj", "{A31E2680-2750-4E2D-A89A-99044D096B77}"
EndProject
Project("{FAE04EC0-301F-11D3-BF4B-00C04F79EFBC}") = "WinState.Cli", "src\WinState.Cli\WinState.Cli.csproj", "{8739059A-58E7-4F3C-961B-2AE900D58A03}"
EndProject
Project("{FAE04EC0-301F-11D3-BF4B-00C04F79EFBC}") = "WinState.Core.Tests", "tests\WinState.Core.Tests\WinState.Core.Tests.csproj", "{75E66A3C-809C-457C-BABB-3015DCDE1EC8}"
EndProject
Project("{FAE04EC0-301F-11D3-BF4B-00C04F79EFBC}") = "WinState.Infrastructure.Tests", "tests\WinState.Infrastructure.Tests\WinState.Infrastructure.Tests.csproj", "{E5E7459C-4F91-4D13-9E8E-0D1C84A4E3B7}"
EndProject
Project("{FAE04EC0-301F-11D3-BF4B-00C04F79EFBC}") = "WinState.Storage.Tests", "tests\WinState.Storage.Tests\WinState.Storage.Tests.csproj", "{F62E3228-B474-4375-B842-C671D2788DB6}"
EndProject
Project("{FAE04EC0-301F-11D3-BF4B-00C04F79EFBC}") = "WinState.Providers.Environment.Tests", "tests\WinState.Providers.Environment.Tests\WinState.Providers.Environment.Tests.csproj", "{C65E547E-F65B-4726-B5D1-6CC22CB6DD77}"
EndProject
Project("{FAE04EC0-301F-11D3-BF4B-00C04F79EFBC}") = "WinState.Apply.Tests", "tests\WinState.Apply.Tests\WinState.Apply.Tests.csproj", "{F23C9C6D-0E85-4F0E-A249-80EA7E3254C7}"
EndProject
Project("{FAE04EC0-301F-11D3-BF4B-00C04F79EFBC}") = "WinState.Update.Tests", "tests\WinState.Update.Tests\WinState.Update.Tests.csproj", "{90A57C37-191B-47D5-A793-10FDC0ADDDC2}"
EndProject
Global
	GlobalSection(SolutionConfigurationPlatforms) = preSolution
		Debug|Any CPU = Debug|Any CPU
		Release|Any CPU = Release|Any CPU
	EndGlobalSection
	GlobalSection(ProjectConfigurationPlatforms) = postSolution
		{AD280F97-4D51-4FC3-AF99-DC2AC5013346}.Debug|Any CPU.ActiveCfg = Debug|Any CPU
		{AD280F97-4D51-4FC3-AF99-DC2AC5013346}.Debug|Any CPU.Build.0 = Debug|Any CPU
		{AD280F97-4D51-4FC3-AF99-DC2AC5013346}.Release|Any CPU.ActiveCfg = Release|Any CPU
		{AD280F97-4D51-4FC3-AF99-DC2AC5013346}.Release|Any CPU.Build.0 = Release|Any CPU
		{9B5191A4-5FC2-4F93-A4F5-57B2F1C3486E}.Debug|Any CPU.ActiveCfg = Debug|Any CPU
		{9B5191A4-5FC2-4F93-A4F5-57B2F1C3486E}.Debug|Any CPU.Build.0 = Debug|Any CPU
		{9B5191A4-5FC2-4F93-A4F5-57B2F1C3486E}.Release|Any CPU.ActiveCfg = Release|Any CPU
		{9B5191A4-5FC2-4F93-A4F5-57B2F1C3486E}.Release|Any CPU.Build.0 = Release|Any CPU
		{D753F793-998C-4B1F-86DE-25F1083A52E4}.Debug|Any CPU.ActiveCfg = Debug|Any CPU
		{D753F793-998C-4B1F-86DE-25F1083A52E4}.Debug|Any CPU.Build.0 = Debug|Any CPU
		{D753F793-998C-4B1F-86DE-25F1083A52E4}.Release|Any CPU.ActiveCfg = Release|Any CPU
		{D753F793-998C-4B1F-86DE-25F1083A52E4}.Release|Any CPU.Build.0 = Release|Any CPU
		{3411C6D2-9D18-4F0D-B219-8894DBE4942F}.Debug|Any CPU.ActiveCfg = Debug|Any CPU
		{3411C6D2-9D18-4F0D-B219-8894DBE4942F}.Debug|Any CPU.Build.0 = Debug|Any CPU
		{3411C6D2-9D18-4F0D-B219-8894DBE4942F}.Release|Any CPU.ActiveCfg = Release|Any CPU
		{3411C6D2-9D18-4F0D-B219-8894DBE4942F}.Release|Any CPU.Build.0 = Release|Any CPU
		{B1267460-8DBA-4F48-A865-3E9FD795B2E2}.Debug|Any CPU.ActiveCfg = Debug|Any CPU
		{B1267460-8DBA-4F48-A865-3E9FD795B2E2}.Debug|Any CPU.Build.0 = Debug|Any CPU
		{B1267460-8DBA-4F48-A865-3E9FD795B2E2}.Release|Any CPU.ActiveCfg = Release|Any CPU
		{B1267460-8DBA-4F48-A865-3E9FD795B2E2}.Release|Any CPU.Build.0 = Release|Any CPU
		{C8214243-D229-43F7-9C1C-3BA1E6481854}.Debug|Any CPU.ActiveCfg = Debug|Any CPU
		{C8214243-D229-43F7-9C1C-3BA1E6481854}.Debug|Any CPU.Build.0 = Debug|Any CPU
		{C8214243-D229-43F7-9C1C-3BA1E6481854}.Release|Any CPU.ActiveCfg = Release|Any CPU
		{C8214243-D229-43F7-9C1C-3BA1E6481854}.Release|Any CPU.Build.0 = Release|Any CPU
		{A4E41378-1CFD-4475-A969-8B660E395FA1}.Debug|Any CPU.ActiveCfg = Debug|Any CPU
		{A4E41378-1CFD-4475-A969-8B660E395FA1}.Debug|Any CPU.Build.0 = Debug|Any CPU
		{A4E41378-1CFD-4475-A969-8B660E395FA1}.Release|Any CPU.ActiveCfg = Release|Any CPU
		{A4E41378-1CFD-4475-A969-8B660E395FA1}.Release|Any CPU.Build.0 = Release|Any CPU
		{B2C6E4D7-0F91-4B71-A131-AD6D2E6F7701}.Debug|Any CPU.ActiveCfg = Debug|Any CPU
		{B2C6E4D7-0F91-4B71-A131-AD6D2E6F7701}.Debug|Any CPU.Build.0 = Debug|Any CPU
		{B2C6E4D7-0F91-4B71-A131-AD6D2E6F7701}.Release|Any CPU.ActiveCfg = Release|Any CPU
		{B2C6E4D7-0F91-4B71-A131-AD6D2E6F7701}.Release|Any CPU.Build.0 = Release|Any CPU
		{C8A8F150-96EA-4A17-8F70-245AEFB27561}.Debug|Any CPU.ActiveCfg = Debug|Any CPU
		{C8A8F150-96EA-4A17-8F70-245AEFB27561}.Debug|Any CPU.Build.0 = Debug|Any CPU
		{C8A8F150-96EA-4A17-8F70-245AEFB27561}.Release|Any CPU.ActiveCfg = Release|Any CPU
		{C8A8F150-96EA-4A17-8F70-245AEFB27561}.Release|Any CPU.Build.0 = Release|Any CPU
		{D4AA2700-9404-4B1A-A0DF-DAA28B5604E4}.Debug|Any CPU.ActiveCfg = Debug|Any CPU
		{D4AA2700-9404-4B1A-A0DF-DAA28B5604E4}.Debug|Any CPU.Build.0 = Debug|Any CPU
		{D4AA2700-9404-4B1A-A0DF-DAA28B5604E4}.Release|Any CPU.ActiveCfg = Release|Any CPU
		{D4AA2700-9404-4B1A-A0DF-DAA28B5604E4}.Release|Any CPU.Build.0 = Release|Any CPU
		{A31E2680-2750-4E2D-A89A-99044D096B77}.Debug|Any CPU.ActiveCfg = Debug|Any CPU
		{A31E2680-2750-4E2D-A89A-99044D096B77}.Debug|Any CPU.Build.0 = Debug|Any CPU
		{A31E2680-2750-4E2D-A89A-99044D096B77}.Release|Any CPU.ActiveCfg = Release|Any CPU
		{A31E2680-2750-4E2D-A89A-99044D096B77}.Release|Any CPU.Build.0 = Release|Any CPU
		{8739059A-58E7-4F3C-961B-2AE900D58A03}.Debug|Any CPU.ActiveCfg = Debug|Any CPU
		{8739059A-58E7-4F3C-961B-2AE900D58A03}.Debug|Any CPU.Build.0 = Debug|Any CPU
		{8739059A-58E7-4F3C-961B-2AE900D58A03}.Release|Any CPU.ActiveCfg = Release|Any CPU
		{8739059A-58E7-4F3C-961B-2AE900D58A03}.Release|Any CPU.Build.0 = Release|Any CPU
		{75E66A3C-809C-457C-BABB-3015DCDE1EC8}.Debug|Any CPU.ActiveCfg = Debug|Any CPU
		{75E66A3C-809C-457C-BABB-3015DCDE1EC8}.Debug|Any CPU.Build.0 = Debug|Any CPU
		{75E66A3C-809C-457C-BABB-3015DCDE1EC8}.Release|Any CPU.ActiveCfg = Release|Any CPU
		{75E66A3C-809C-457C-BABB-3015DCDE1EC8}.Release|Any CPU.Build.0 = Release|Any CPU
		{E5E7459C-4F91-4D13-9E8E-0D1C84A4E3B7}.Debug|Any CPU.ActiveCfg = Debug|Any CPU
		{E5E7459C-4F91-4D13-9E8E-0D1C84A4E3B7}.Debug|Any CPU.Build.0 = Debug|Any CPU
		{E5E7459C-4F91-4D13-9E8E-0D1C84A4E3B7}.Release|Any CPU.ActiveCfg = Release|Any CPU
		{E5E7459C-4F91-4D13-9E8E-0D1C84A4E3B7}.Release|Any CPU.Build.0 = Release|Any CPU
		{F62E3228-B474-4375-B842-C671D2788DB6}.Debug|Any CPU.ActiveCfg = Debug|Any CPU
		{F62E3228-B474-4375-B842-C671D2788DB6}.Debug|Any CPU.Build.0 = Debug|Any CPU
		{F62E3228-B474-4375-B842-C671D2788DB6}.Release|Any CPU.ActiveCfg = Release|Any CPU
		{F62E3228-B474-4375-B842-C671D2788DB6}.Release|Any CPU.Build.0 = Release|Any CPU
		{C65E547E-F65B-4726-B5D1-6CC22CB6DD77}.Debug|Any CPU.ActiveCfg = Debug|Any CPU
		{C65E547E-F65B-4726-B5D1-6CC22CB6DD77}.Debug|Any CPU.Build.0 = Debug|Any CPU
		{C65E547E-F65B-4726-B5D1-6CC22CB6DD77}.Release|Any CPU.ActiveCfg = Release|Any CPU
		{C65E547E-F65B-4726-B5D1-6CC22CB6DD77}.Release|Any CPU.Build.0 = Release|Any CPU
		{F23C9C6D-0E85-4F0E-A249-80EA7E3254C7}.Debug|Any CPU.ActiveCfg = Debug|Any CPU
		{F23C9C6D-0E85-4F0E-A249-80EA7E3254C7}.Debug|Any CPU.Build.0 = Debug|Any CPU
		{F23C9C6D-0E85-4F0E-A249-80EA7E3254C7}.Release|Any CPU.ActiveCfg = Release|Any CPU
		{F23C9C6D-0E85-4F0E-A249-80EA7E3254C7}.Release|Any CPU.Build.0 = Release|Any CPU
		{90A57C37-191B-47D5-A793-10FDC0ADDDC2}.Debug|Any CPU.ActiveCfg = Debug|Any CPU
		{90A57C37-191B-47D5-A793-10FDC0ADDDC2}.Debug|Any CPU.Build.0 = Debug|Any CPU
		{90A57C37-191B-47D5-A793-10FDC0ADDDC2}.Release|Any CPU.ActiveCfg = Release|Any CPU
		{90A57C37-191B-47D5-A793-10FDC0ADDDC2}.Release|Any CPU.Build.0 = Release|Any CPU
	EndGlobalSection
EndGlobal
